<Solution>
  <Folder Name="/Mpv/">
    <Project Path="Mpv.Maui.Example/Mpv.Maui.Example.csproj" />
    <Project Path="Mpv.Maui\Mpv.Maui.csproj" />
    <Project Path="Mpv.Sys.DebugIssues/Mpv.Sys.DebugIssues.csproj" />
    <Project Path="Mpv.Sys.Tests/Mpv.Sys.Tests.csproj" />
    <Project Path="Mpv.Sys/Mpv.Sys.csproj" />
  </Folder>
  <Project Path="Lib.Tests/Lib.Tests.csproj" />
  <Project Path="Lib/Lib.csproj" />
  <Project Path="Player/Player.csproj" />
</Solution>
